
Microsoft Visual Studio Solution File, Format Version 12.00
# Visual Studio Version 17
VisualStudioVersion = 17.4.33103.184
MinimumVisualStudioVersion = 10.0.40219.1
Project("{2150E333-8FDC-42A3-9474-1A3956D46DE8}") = "src", "src", "{E523C539-3EC8-4788-9155-A9F76347307E}"
EndProject
Project("{2150E333-8FDC-42A3-9474-1A3956D46DE8}") = "Core", "Core", "{A669FE1C-7601-4C7C-AEBD-C0E73CD05428}"
EndProject
Project("{2150E333-8FDC-42A3-9474-1A3956D46DE8}") = "Infrastructure", "Infrastructure", "{E49ED2D5-260C-420F-B25C-262E3FA43A8A}"
EndProject
Project("{2150E333-8FDC-42A3-9474-1A3956D46DE8}") = "WebApi", "WebApi", "{CE676A84-850D-4978-9888-A2EBB548BE19}"
EndProject
Project("{FAE04EC0-301F-11D3-BF4B-00C04F79EFBC}") = "ShopsRU.Application", "src\Core\ShopsRU.Application\ShopsRU.Application.csproj", "{49F73AC7-C832-4BD4-9F7F-73798010A276}"
EndProject
Project("{FAE04EC0-301F-11D3-BF4B-00C04F79EFBC}") = "ShopsRU.Domain", "src\Core\ShopsRU.Domain\ShopsRU.Domain.csproj", "{DD608E17-F666-4E8B-AEF5-8871B21731D1}"
EndProject
Project("{FAE04EC0-301F-11D3-BF4B-00C04F79EFBC}") = "ShopRU.Persistence", "src\Infrastructure\ShopRU.Persistence\ShopRU.Persistence.csproj", "{9480C443-3E8D-4B38-A949-B7D58CEE0581}"
EndProject
Project("{FAE04EC0-301F-11D3-BF4B-00C04F79EFBC}") = "ShopsRU.WebApi", "src\WebApi\ShopsRU.WebApi\ShopsRU.WebApi.csproj", "{AED74531-45E9-4C59-A2BA-A49705409068}"
EndProject
Project("{2150E333-8FDC-42A3-9474-1A3956D46DE8}") = "Test", "Test", "{F4DD8724-D66F-47EE-872B-922005822190}"
EndProject
Project("{FAE04EC0-301F-11D3-BF4B-00C04F79EFBC}") = "ShopRU.UnitTest", "src\Test\ShopRU.UnitTest\ShopRU.UnitTest.csproj", "{20C25903-9A4A-4EE1-ACD3-1324C51AFFE7}"
EndProject
Global
	GlobalSection(SolutionConfigurationPlatforms) = preSolution
		Debug|Any CPU = Debug|Any CPU
		Release|Any CPU = Release|Any CPU
	EndGlobalSection
	GlobalSection(ProjectConfigurationPlatforms) = postSolution
		{49F73AC7-C832-4BD4-9F7F-73798010A276}.Debug|Any CPU.ActiveCfg = Debug|Any CPU
		{49F73AC7-C832-4BD4-9F7F-73798010A276}.Debug|Any CPU.Build.0 = Debug|Any CPU
		{49F73AC7-C832-4BD4-9F7F-73798010A276}.Release|Any CPU.ActiveCfg = Release|Any CPU
		{49F73AC7-C832-4BD4-9F7F-73798010A276}.Release|Any CPU.Build.0 = Release|Any CPU
		{DD608E17-F666-4E8B-AEF5-8871B21731D1}.Debug|Any CPU.ActiveCfg = Debug|Any CPU
		{DD608E17-F666-4E8B-AEF5-8871B21731D1}.Debug|Any CPU.Build.0 = Debug|Any CPU
		{DD608E17-F666-4E8B-AEF5-8871B21731D1}.Release|Any CPU.ActiveCfg = Release|Any CPU
		{DD608E17-F666-4E8B-AEF5-8871B21731D1}.Release|Any CPU.Build.0 = Release|Any CPU
		{9480C443-3E8D-4B38-A949-B7D58CEE0581}.Debug|Any CPU.ActiveCfg = Debug|Any CPU
		{9480C443-3E8D-4B38-A949-B7D58CEE0581}.Debug|Any CPU.Build.0 = Debug|Any CPU
		{9480C443-3E8D-4B38-A949-B7D58CEE0581}.Release|Any CPU.ActiveCfg = Release|Any CPU
		{9480C443-3E8D-4B38-A949-B7D58CEE0581}.Release|Any CPU.Build.0 = Release|Any CPU
		{AED74531-45E9-4C59-A2BA-A49705409068}.Debug|Any CPU.ActiveCfg = Debug|Any CPU
		{AED74531-45E9-4C59-A2BA-A49705409068}.Debug|Any CPU.Build.0 = Debug|Any CPU
		{AED74531-45E9-4C59-A2BA-A49705409068}.Release|Any CPU.ActiveCfg = Release|Any CPU
		{AED74531-45E9-4C59-A2BA-A49705409068}.Release|Any CPU.Build.0 = Release|Any CPU
		{20C25903-9A4A-4EE1-ACD3-1324C51AFFE7}.Debug|Any CPU.ActiveCfg = Debug|Any CPU
		{20C25903-9A4A-4EE1-ACD3-1324C51AFFE7}.Debug|Any CPU.Build.0 = Debug|Any CPU
		{20C25903-9A4A-4EE1-ACD3-1324C51AFFE7}.Release|Any CPU.ActiveCfg = Release|Any CPU
		{20C25903-9A4A-4EE1-ACD3-1324C51AFFE7}.Release|Any CPU.Build.0 = Release|Any CPU
	EndGlobalSection
	GlobalSection(SolutionProperties) = preSolution
		HideSolutionNode = FALSE
	EndGlobalSection
	GlobalSection(NestedProjects) = preSolution
		{A669FE1C-7601-4C7C-AEBD-C0E73CD05428} = {E523C539-3EC8-4788-9155-A9F76347307E}
		{E49ED2D5-260C-420F-B25C-262E3FA43A8A} = {E523C539-3EC8-4788-9155-A9F76347307E}
		{CE676A84-850D-4978-9888-A2EBB548BE19} = {E523C539-3EC8-4788-9155-A9F76347307E}
		{49F73AC7-C832-4BD4-9F7F-73798010A276} = {A669FE1C-7601-4C7C-AEBD-C0E73CD05428}
		{DD608E17-F666-4E8B-AEF5-8871B21731D1} = {A669FE1C-7601-4C7C-AEBD-C0E73CD05428}
		{9480C443-3E8D-4B38-A949-B7D58CEE0581} = {E49ED2D5-260C-420F-B25C-262E3FA43A8A}
		{AED74531-45E9-4C59-A2BA-A49705409068} = {CE676A84-850D-4978-9888-A2EBB548BE19}
		{F4DD8724-D66F-47EE-872B-922005822190} = {E523C539-3EC8-4788-9155-A9F76347307E}
		{20C25903-9A4A-4EE1-ACD3-1324C51AFFE7} = {F4DD8724-D66F-47EE-872B-922005822190}
	EndGlobalSection
	GlobalSection(ExtensibilityGlobals) = postSolution
		SolutionGuid = {719C7603-7F07-4054-BFDC-2F883DFA0D3A}
	EndGlobalSection
EndGlobal
